
Microsoft Visual Studio Solution File, Format Version 12.00
# Visual Studio Version 16
VisualStudioVersion = 16.0.31313.79
MinimumVisualStudioVersion = 10.0.40219.1
Project("{FAE04EC0-301F-11D3-BF4B-00C04F79EFBC}") = "Cet322FinalProject", "Cet322FinalProject\Cet322FinalProject.csproj", "{A866F7FC-74F5-4F4C-B0B2-76BD704E280E}"
EndProject
Global
	GlobalSection(SolutionConfigurationPlatforms) = preSolution
		Debug|Any CPU = Debug|Any CPU
		Release|Any CPU = Release|Any CPU
	EndGlobalSection
	GlobalSection(ProjectConfigurationPlatforms) = postSolution
		{A866F7FC-74F5-4F4C-B0B2-76BD704E280E}.Debug|Any CPU.ActiveCfg = Debug|Any CPU
		{A866F7FC-74F5-4F4C-B0B2-76BD704E280E}.Debug|Any CPU.Build.0 = Debug|Any CPU
		{A866F7FC-74F5-4F4C-B0B2-76BD704E280E}.Release|Any CPU.ActiveCfg = Release|Any CPU
		{A866F7FC-74F5-4F4C-B0B2-76BD704E280E}.Release|Any CPU.Build.0 = Release|Any CPU
	EndGlobalSection
	GlobalSection(SolutionProperties) = preSolution
		HideSolutionNode = FALSE
	EndGlobalSection
	GlobalSection(ExtensibilityGlobals) = postSolution
		SolutionGuid = {BD194CAB-8CAB-4A00-8556-6DCD2F88ABFD}
	EndGlobalSection
EndGlobal
